
Microsoft Visual Studio Solution File, Format Version 12.00
# Visual Studio Version 17
VisualStudioVersion = 17.0.31919.166
MinimumVisualStudioVersion = 10.0.40219.1
Project("{2150E333-8FDC-42A3-9474-1A3956D46DE8}") = "Services", "Services", "{33801FAB-A211-4124-8159-6A38522CB3C0}"
EndProject
Project("{2150E333-8FDC-42A3-9474-1A3956D46DE8}") = "Catalog", "Catalog", "{D05635C3-0BBE-4791-A26E-D395F6FFE7F9}"
EndProject
Project("{2150E333-8FDC-42A3-9474-1A3956D46DE8}") = "Solution Items", "Solution Items", "{D4432467-A225-4824-861C-DB73F880CE24}"
	ProjectSection(SolutionItems) = preProject
		Ports.txt = Ports.txt
	EndProjectSection
EndProject
Project("{2150E333-8FDC-42A3-9474-1A3956D46DE8}") = "Shared", "Shared", "{8D873E9E-5E07-4EC6-8541-64B483EF85B1}"
EndProject
Project("{2150E333-8FDC-42A3-9474-1A3956D46DE8}") = "IdentityServer", "IdentityServer", "{369BF765-31B7-4B39-B63D-8A2D3278AF34}"
EndProject
Project("{2150E333-8FDC-42A3-9474-1A3956D46DE8}") = "PhotoStock", "PhotoStock", "{2751A127-481C-4DE4-8B5F-0436E549EED7}"
EndProject
Project("{2150E333-8FDC-42A3-9474-1A3956D46DE8}") = "Basket", "Basket", "{87801424-E79E-4B88-B55C-EE629D65CE6E}"
EndProject
Project("{9A19103F-16F7-4668-BE54-9A1E7A4F7556}") = "IdentityServer", "IdentityServer\IdentityServer\IdentityServer.csproj", "{3D8F2BB8-DDEB-447E-9FC7-61254E771F13}"
EndProject
Project("{9A19103F-16F7-4668-BE54-9A1E7A4F7556}") = "Services.Catalog", "Services\Catalog\Services.Catalog\Services.Catalog.csproj", "{24ECCFD1-9365-487D-ACB0-9CF0730BF5AD}"
EndProject
Project("{9A19103F-16F7-4668-BE54-9A1E7A4F7556}") = "Services.PhotoStock", "Services\PhotoStock\Services.PhotoStock\Services.PhotoStock.csproj", "{B94D8518-B785-472E-AE86-0169D070CC8D}"
EndProject
Project("{9A19103F-16F7-4668-BE54-9A1E7A4F7556}") = "Shared", "Shared\Shared\Shared.csproj", "{14356A4E-7ECD-4297-BFFB-902B5E4FDDC3}"
EndProject
Project("{9A19103F-16F7-4668-BE54-9A1E7A4F7556}") = "Services.Basket", "Services\Basket\Services.Basket\Services.Basket.csproj", "{F56E63AA-10EB-4AA4-8558-64877849A337}"
EndProject
Project("{2150E333-8FDC-42A3-9474-1A3956D46DE8}") = "Discount", "Discount", "{AD9D82BF-3C2D-4D14-AE9C-C98A69B72A6E}"
EndProject
Project("{FAE04EC0-301F-11D3-BF4B-00C04F79EFBC}") = "Services.Discount", "Services\Discount\Services.Discount\Services.Discount.csproj", "{F4B8EC9D-D475-43C2-929C-CB92FA44F146}"
EndProject
Project("{2150E333-8FDC-42A3-9474-1A3956D46DE8}") = "Order", "Order", "{7CAECBFF-26E8-4150-A3ED-2CE90B826546}"
EndProject
Project("{FAE04EC0-301F-11D3-BF4B-00C04F79EFBC}") = "Services.Order.API", "Services\Order\Services.Order.API\Services.Order.API.csproj", "{2D51047A-F84C-4DC5-BFA7-094570D93787}"
EndProject
Project("{FAE04EC0-301F-11D3-BF4B-00C04F79EFBC}") = "Services.Order.Application", "Services\Order\Services.Order.Application\Services.Order.Application.csproj", "{38824B21-3572-4FDD-9A70-46C047080353}"
EndProject
Project("{FAE04EC0-301F-11D3-BF4B-00C04F79EFBC}") = "Services.Order.Domain", "Services\Order\Services.Order.Domain\Services.Order.Domain.csproj", "{A20DCEDC-6A15-4909-B522-605E806443D9}"
EndProject
Project("{FAE04EC0-301F-11D3-BF4B-00C04F79EFBC}") = "Services.Order.Domain.Core", "Services\Order\Services.Order.Domain.Core\Services.Order.Domain.Core.csproj", "{965BFE5B-0FB3-4A29-BAE8-179E84FFBAAB}"
EndProject
Project("{FAE04EC0-301F-11D3-BF4B-00C04F79EFBC}") = "Services.Order.Infrastructure", "Services\Order\Services.Order.Infrastructure\Services.Order.Infrastructure.csproj", "{000A978A-5253-453A-B813-B54CC6DE815A}"
EndProject
Global
	GlobalSection(SolutionConfigurationPlatforms) = preSolution
		Debug|Any CPU = Debug|Any CPU
		Release|Any CPU = Release|Any CPU
	EndGlobalSection
	GlobalSection(ProjectConfigurationPlatforms) = postSolution
		{3D8F2BB8-DDEB-447E-9FC7-61254E771F13}.Debug|Any CPU.ActiveCfg = Debug|Any CPU
		{3D8F2BB8-DDEB-447E-9FC7-61254E771F13}.Debug|Any CPU.Build.0 = Debug|Any CPU
		{3D8F2BB8-DDEB-447E-9FC7-61254E771F13}.Release|Any CPU.ActiveCfg = Release|Any CPU
		{3D8F2BB8-DDEB-447E-9FC7-61254E771F13}.Release|Any CPU.Build.0 = Release|Any CPU
		{24ECCFD1-9365-487D-ACB0-9CF0730BF5AD}.Debug|Any CPU.ActiveCfg = Debug|Any CPU
		{24ECCFD1-9365-487D-ACB0-9CF0730BF5AD}.Debug|Any CPU.Build.0 = Debug|Any CPU
		{24ECCFD1-9365-487D-ACB0-9CF0730BF5AD}.Release|Any CPU.ActiveCfg = Release|Any CPU
		{24ECCFD1-9365-487D-ACB0-9CF0730BF5AD}.Release|Any CPU.Build.0 = Release|Any CPU
		{B94D8518-B785-472E-AE86-0169D070CC8D}.Debug|Any CPU.ActiveCfg = Debug|Any CPU
		{B94D8518-B785-472E-AE86-0169D070CC8D}.Debug|Any CPU.Build.0 = Debug|Any CPU
		{B94D8518-B785-472E-AE86-0169D070CC8D}.Release|Any CPU.ActiveCfg = Release|Any CPU
		{B94D8518-B785-472E-AE86-0169D070CC8D}.Release|Any CPU.Build.0 = Release|Any CPU
		{14356A4E-7ECD-4297-BFFB-902B5E4FDDC3}.Debug|Any CPU.ActiveCfg = Debug|Any CPU
		{14356A4E-7ECD-4297-BFFB-902B5E4FDDC3}.Debug|Any CPU.Build.0 = Debug|Any CPU
		{14356A4E-7ECD-4297-BFFB-902B5E4FDDC3}.Release|Any CPU.ActiveCfg = Release|Any CPU
		{14356A4E-7ECD-4297-BFFB-902B5E4FDDC3}.Release|Any CPU.Build.0 = Release|Any CPU
		{F56E63AA-10EB-4AA4-8558-64877849A337}.Debug|Any CPU.ActiveCfg = Debug|Any CPU
		{F56E63AA-10EB-4AA4-8558-64877849A337}.Debug|Any CPU.Build.0 = Debug|Any CPU
		{F56E63AA-10EB-4AA4-8558-64877849A337}.Release|Any CPU.ActiveCfg = Release|Any CPU
		{F56E63AA-10EB-4AA4-8558-64877849A337}.Release|Any CPU.Build.0 = Release|Any CPU
		{F4B8EC9D-D475-43C2-929C-CB92FA44F146}.Debug|Any CPU.ActiveCfg = Debug|Any CPU
		{F4B8EC9D-D475-43C2-929C-CB92FA44F146}.Debug|Any CPU.Build.0 = Debug|Any CPU
		{F4B8EC9D-D475-43C2-929C-CB92FA44F146}.Release|Any CPU.ActiveCfg = Release|Any CPU
		{F4B8EC9D-D475-43C2-929C-CB92FA44F146}.Release|Any CPU.Build.0 = Release|Any CPU
		{2D51047A-F84C-4DC5-BFA7-094570D93787}.Debug|Any CPU.ActiveCfg = Debug|Any CPU
		{2D51047A-F84C-4DC5-BFA7-094570D93787}.Debug|Any CPU.Build.0 = Debug|Any CPU
		{2D51047A-F84C-4DC5-BFA7-094570D93787}.Release|Any CPU.ActiveCfg = Release|Any CPU
		{2D51047A-F84C-4DC5-BFA7-094570D93787}.Release|Any CPU.Build.0 = Release|Any CPU
		{38824B21-3572-4FDD-9A70-46C047080353}.Debug|Any CPU.ActiveCfg = Debug|Any CPU
		{38824B21-3572-4FDD-9A70-46C047080353}.Debug|Any CPU.Build.0 = Debug|Any CPU
		{38824B21-3572-4FDD-9A70-46C047080353}.Release|Any CPU.ActiveCfg = Release|Any CPU
		{38824B21-3572-4FDD-9A70-46C047080353}.Release|Any CPU.Build.0 = Release|Any CPU
		{A20DCEDC-6A15-4909-B522-605E806443D9}.Debug|Any CPU.ActiveCfg = Debug|Any CPU
		{A20DCEDC-6A15-4909-B522-605E806443D9}.Debug|Any CPU.Build.0 = Debug|Any CPU
		{A20DCEDC-6A15-4909-B522-605E806443D9}.Release|Any CPU.ActiveCfg = Release|Any CPU
		{A20DCEDC-6A15-4909-B522-605E806443D9}.Release|Any CPU.Build.0 = Release|Any CPU
		{965BFE5B-0FB3-4A29-BAE8-179E84FFBAAB}.Debug|Any CPU.ActiveCfg = Debug|Any CPU
		{965BFE5B-0FB3-4A29-BAE8-179E84FFBAAB}.Debug|Any CPU.Build.0 = Debug|Any CPU
		{965BFE5B-0FB3-4A29-BAE8-179E84FFBAAB}.Release|Any CPU.ActiveCfg = Release|Any CPU
		{965BFE5B-0FB3-4A29-BAE8-179E84FFBAAB}.Release|Any CPU.Build.0 = Release|Any CPU
		{000A978A-5253-453A-B813-B54CC6DE815A}.Debug|Any CPU.ActiveCfg = Debug|Any CPU
		{000A978A-5253-453A-B813-B54CC6DE815A}.Debug|Any CPU.Build.0 = Debug|Any CPU
		{000A978A-5253-453A-B813-B54CC6DE815A}.Release|Any CPU.ActiveCfg = Release|Any CPU
		{000A978A-5253-453A-B813-B54CC6DE815A}.Release|Any CPU.Build.0 = Release|Any CPU
	EndGlobalSection
	GlobalSection(SolutionProperties) = preSolution
		HideSolutionNode = FALSE
	EndGlobalSection
	GlobalSection(NestedProjects) = preSolution
		{D05635C3-0BBE-4791-A26E-D395F6FFE7F9} = {33801FAB-A211-4124-8159-6A38522CB3C0}
		{2751A127-481C-4DE4-8B5F-0436E549EED7} = {33801FAB-A211-4124-8159-6A38522CB3C0}
		{87801424-E79E-4B88-B55C-EE629D65CE6E} = {33801FAB-A211-4124-8159-6A38522CB3C0}
		{3D8F2BB8-DDEB-447E-9FC7-61254E771F13} = {369BF765-31B7-4B39-B63D-8A2D3278AF34}
		{24ECCFD1-9365-487D-ACB0-9CF0730BF5AD} = {D05635C3-0BBE-4791-A26E-D395F6FFE7F9}
		{B94D8518-B785-472E-AE86-0169D070CC8D} = {2751A127-481C-4DE4-8B5F-0436E549EED7}
		{14356A4E-7ECD-4297-BFFB-902B5E4FDDC3} = {8D873E9E-5E07-4EC6-8541-64B483EF85B1}
		{F56E63AA-10EB-4AA4-8558-64877849A337} = {87801424-E79E-4B88-B55C-EE629D65CE6E}
		{AD9D82BF-3C2D-4D14-AE9C-C98A69B72A6E} = {33801FAB-A211-4124-8159-6A38522CB3C0}
		{F4B8EC9D-D475-43C2-929C-CB92FA44F146} = {AD9D82BF-3C2D-4D14-AE9C-C98A69B72A6E}
		{7CAECBFF-26E8-4150-A3ED-2CE90B826546} = {33801FAB-A211-4124-8159-6A38522CB3C0}
		{2D51047A-F84C-4DC5-BFA7-094570D93787} = {7CAECBFF-26E8-4150-A3ED-2CE90B826546}
		{38824B21-3572-4FDD-9A70-46C047080353} = {7CAECBFF-26E8-4150-A3ED-2CE90B826546}
		{A20DCEDC-6A15-4909-B522-605E806443D9} = {7CAECBFF-26E8-4150-A3ED-2CE90B826546}
		{965BFE5B-0FB3-4A29-BAE8-179E84FFBAAB} = {7CAECBFF-26E8-4150-A3ED-2CE90B826546}
		{000A978A-5253-453A-B813-B54CC6DE815A} = {7CAECBFF-26E8-4150-A3ED-2CE90B826546}
	EndGlobalSection
	GlobalSection(ExtensibilityGlobals) = postSolution
		SolutionGuid = {F214BD0F-E8E0-462A-99C1-0150961E58EB}
	EndGlobalSection
EndGlobal
